# Generated by buf. DO NOT EDIT.
version: v2
deps:
  - name: buf.build/bufbuild/protovalidate
    commit: 80ab13bee0bf4272b6161a72bf7034e0
    digest: b5:1aa6a965be5d02d64e1d81954fa2e78ef9d1e33a0c30f92bc2626039006a94deb3a5b05f14ed8893f5c3ffce444ac008f7e968188ad225c4c29c813aa5f2daa1
  - name: buf.build/googleapis/googleapis
    commit: 536964a08a534d51b8f30f2d6751f1f9
    digest: b5:3e05d27e797b00c345fadd3c15cf0e16c4cc693036a55059721e66d6ce22a96264a4897658c9243bb0874fa9ca96e437589eb512189d2754604a626c632f6030
  - name: buf.build/grpc-ecosystem/grpc-gateway
    commit: 6467306b4f624747aaf6266762ee7a1c
    digest: b5:c2caa61467d992749812c909f93c07e9a667da33c758a7c1973d63136c23b3cafcc079985b12cdf54a10049ed3297418f1eda42cdffdcf34113792dcc3a990af
  - name: buf.build/grpc-ecosystem/protoc-gen-swagger
    commit: 177bd018c960492d831aee5e88594dec
    digest: b5:62717e8b4ece73a14db1968e48f814f890431dacdde35f631d2e9412a1522a13eaa9d208875e809a9c772bc52d56a04128a1befd6445163826984f0856797f83
  - name: buf.build/grpc/grpc
    commit: 1730f7242d0f45138a638b7612d46586
    digest: b5:2998161006b920a3e2cadf8855e008a7a5f4922a5ac699695db3e08beac0f3bee5429a71223b645bc5145b9725309768dcd36937be4b886b947994c45320d795
