# Generated by buf. DO NOT EDIT.
version: v2
deps:
  - name: buf.build/cncf/xds
    commit: f6f9b109ae2f445e9c1c00bb765b5373
    digest: b5:7d0b597b28194b64e5b92a6abe931d0437ada30c09230214de76985b17f1b88a6d6ecc6b217a3803daabc9b4d50ed000220ae74566881aea489283c7adc83218
  - name: buf.build/envoyproxy/envoy
    commit: 3b42f172a19b4a138a32f55dc9867ca7
    digest: b5:d44f2e03ccec1e580f62ff70c2084809300e58d3339213cfacee9133bdff8ecbd4e76e5d7d0903b9884b7645dd3afb6a695384ec8b7269487dedcafc28b0a154
  - name: buf.build/envoyproxy/protoc-gen-validate
    commit: 45685e052c7e406b9fbd441fc7a568a5
    digest: b5:63939effe0c64a94cd3151770b73007e43c9aeff31dcb24737fb11750dcaaca99338df3c1e5513828a685c743712e59ce283e046c27725e96928d200492bb6ec
  - name: buf.build/googleapis/googleapis
    commit: e9fcfb66f77242e5b8fd4564d7a01033
    digest: b5:88319861f1e8014c4ca02b9fcc08c0cfe5a08ba518e9f66ce8b8c115895165e2bb579e84c3b8fd18b440c4217e8c426bc25f7edc60d00352924fbbbe871ead01
  - name: buf.build/grpc/grpc
    commit: 428bdb303f1c4bb9b33364ed61df516a
    digest: b5:dc72705c99a53c32a46cc5f7c3d545160e4c7e986f3217db27d094e9a9b694ff503369f46af1e14601d5cfb258b358c23af84b0b393a44978ef21fe981a3aae7
  - name: buf.build/opencensus/opencensus
    commit: d1d7ccd1281e4f42ab7ce9a7d2b29e33
    digest: b5:ca8f95391ce4d1568ccf8d6c8cd68eb5780fb14ab3b19c8904426852520d2dc63e844d95fa69510e170f5cfcb88a5d269ae3b5ce03d0c6c7a970fb4d96adaceb
  - name: buf.build/opentelemetry/opentelemetry
    commit: 038316eb65414db8bb0cd88c47a4ee0f
    digest: b5:fb6a85361ec9e6d93d6838c7784720a24c77c4c6b7de8c3f4d6267cd29b1330fab88ef02e271a3f6825c85346531aaf02548acb7773d5e99b4dd52d5dc73a7ee
  - name: buf.build/prometheus/client-model
    commit: 1d56a02d481a412a83b3c4984eb90c2e
    digest: b5:030705921923d3a04902cb71f946d39db4ca6bb03d1da7fcb381b1f907b693572519f73fa9f9a0994d61cedb8935989675aca0c222e05e7c8790c808b2a14e47
