# Generated by buf. DO NOT EDIT.
version: v2
deps:
  - name: buf.build/envoyproxy/protoc-gen-validate
    commit: daf171c6cdb54629b5f51e345a79e4dd
    digest: b5:c745e1521879f43740230b1df673d0729f55704efefdcfc489d4a0a2d40c92a26cacfeab62813403040a8b180142d53b398c7ca784a065e43823605ee49681de
  - name: buf.build/googleapis/googleapis
    commit: 546238c53f7340c6a2a6099fb863bc1b
    digest: b5:e017bbf31a3f912e2b969c03c3aa711f466cfe104f510865d1a8ede1be490240aabd4cca5865459a0f15222747284395f98afc094b0fd086e8917a5a7bdd9db0
  - name: buf.build/grpc-ecosystem/grpc-gateway
    commit: 4c5ba75caaf84e928b7137ae5c18c26a
    digest: b5:c113e62fb3b29289af785866cae062b55ec8ae19ab3f08f3004098928fbca657730a06810b2012951294326b95669547194fa84476b9e9b688d4f8bf77a0691d
  - name: buf.build/grpc-ecosystem/protoc-gen-swagger
    commit: 177bd018c960492d831aee5e88594dec
    digest: b5:62717e8b4ece73a14db1968e48f814f890431dacdde35f631d2e9412a1522a13eaa9d208875e809a9c772bc52d56a04128a1befd6445163826984f0856797f83
  - name: buf.build/grpc/grpc
    commit: 9327911dce6e4b51a37ad5e93578c833
    digest: b5:4778e2461d27be4f17d557ee958ba034281151f838c1608c7c367c8e81d20def24466cd7173a5e9cef66db26dda9bb25f66bc32aa7b26957640fc2a98b7db02a
